
Microsoft Visual Studio Solution File, Format Version 12.00
# Visual Studio 15
VisualStudioVersion = 15.0.28307.271
MinimumVisualStudioVersion = 10.0.40219.1
Project("{FAE04EC0-301F-11D3-BF4B-00C04F79EFBC}") = "Transact", "Transact\Transact.csproj", "{113B6978-6FC0-4D1F-AF26-13BD978038BD}"
EndProject
Global
	GlobalSection(SolutionConfigurationPlatforms) = preSolution
		Debug|Any CPU = Debug|Any CPU
		Release|Any CPU = Release|Any CPU
	EndGlobalSection
	GlobalSection(ProjectConfigurationPlatforms) = postSolution
		{113B6978-6FC0-4D1F-AF26-13BD978038BD}.Debug|Any CPU.ActiveCfg = Debug|Any CPU
		{113B6978-6FC0-4D1F-AF26-13BD978038BD}.Debug|Any CPU.Build.0 = Debug|Any CPU
		{113B6978-6FC0-4D1F-AF26-13BD978038BD}.Release|Any CPU.ActiveCfg = Release|Any CPU
		{113B6978-6FC0-4D1F-AF26-13BD978038BD}.Release|Any CPU.Build.0 = Release|Any CPU
	EndGlobalSection
	GlobalSection(SolutionProperties) = preSolution
		HideSolutionNode = FALSE
	EndGlobalSection
	GlobalSection(ExtensibilityGlobals) = postSolution
		SolutionGuid = {0079113B-B17B-4467-842A-EA24678E68A2}
	EndGlobalSection
EndGlobal
